
Microsoft Visual Studio Solution File, Format Version 12.00
# Visual Studio Version 16
VisualStudioVersion = 16.0.32413.511
MinimumVisualStudioVersion = 10.0.40219.1
Project("{FAE04EC0-301F-11D3-BF4B-00C04F79EFBC}") = "POORectángulo.Datos", "POORectángulo.Datos\POORectángulo.Datos.csproj", "{A6A0AF4C-A687-4B9B-BE8F-989A68D97E27}"
EndProject
Project("{FAE04EC0-301F-11D3-BF4B-00C04F79EFBC}") = "POORectángulo.Entidades", "POORectángulo.Entidades\POORectángulo.Entidades.csproj", "{45FF99F6-37E1-44E3-8797-8CAE758DA5D5}"
EndProject
Project("{FAE04EC0-301F-11D3-BF4B-00C04F79EFBC}") = "POORectangulo.Consola", "POORectangulo.Consola\POORectangulo.Consola.csproj", "{BBFD5574-DD51-4007-8B7C-C22E4975EA69}"
EndProject
Project("{FAE04EC0-301F-11D3-BF4B-00C04F79EFBC}") = "POORectangulo.Windows", "POORectangulo.Windows\POORectangulo.Windows.csproj", "{CDFCD275-838A-4F89-84D3-948898AA9D2A}"
EndProject
Global
	GlobalSection(SolutionConfigurationPlatforms) = preSolution
		Debug|Any CPU = Debug|Any CPU
		Release|Any CPU = Release|Any CPU
	EndGlobalSection
	GlobalSection(ProjectConfigurationPlatforms) = postSolution
		{A6A0AF4C-A687-4B9B-BE8F-989A68D97E27}.Debug|Any CPU.ActiveCfg = Debug|Any CPU
		{A6A0AF4C-A687-4B9B-BE8F-989A68D97E27}.Debug|Any CPU.Build.0 = Debug|Any CPU
		{A6A0AF4C-A687-4B9B-BE8F-989A68D97E27}.Release|Any CPU.ActiveCfg = Release|Any CPU
		{A6A0AF4C-A687-4B9B-BE8F-989A68D97E27}.Release|Any CPU.Build.0 = Release|Any CPU
		{45FF99F6-37E1-44E3-8797-8CAE758DA5D5}.Debug|Any CPU.ActiveCfg = Debug|Any CPU
		{45FF99F6-37E1-44E3-8797-8CAE758DA5D5}.Debug|Any CPU.Build.0 = Debug|Any CPU
		{45FF99F6-37E1-44E3-8797-8CAE758DA5D5}.Release|Any CPU.ActiveCfg = Release|Any CPU
		{45FF99F6-37E1-44E3-8797-8CAE758DA5D5}.Release|Any CPU.Build.0 = Release|Any CPU
		{BBFD5574-DD51-4007-8B7C-C22E4975EA69}.Debug|Any CPU.ActiveCfg = Debug|Any CPU
		{BBFD5574-DD51-4007-8B7C-C22E4975EA69}.Debug|Any CPU.Build.0 = Debug|Any CPU
		{BBFD5574-DD51-4007-8B7C-C22E4975EA69}.Release|Any CPU.ActiveCfg = Release|Any CPU
		{BBFD5574-DD51-4007-8B7C-C22E4975EA69}.Release|Any CPU.Build.0 = Release|Any CPU
		{CDFCD275-838A-4F89-84D3-948898AA9D2A}.Debug|Any CPU.ActiveCfg = Debug|Any CPU
		{CDFCD275-838A-4F89-84D3-948898AA9D2A}.Debug|Any CPU.Build.0 = Debug|Any CPU
		{CDFCD275-838A-4F89-84D3-948898AA9D2A}.Release|Any CPU.ActiveCfg = Release|Any CPU
		{CDFCD275-838A-4F89-84D3-948898AA9D2A}.Release|Any CPU.Build.0 = Release|Any CPU
	EndGlobalSection
	GlobalSection(SolutionProperties) = preSolution
		HideSolutionNode = FALSE
	EndGlobalSection
	GlobalSection(ExtensibilityGlobals) = postSolution
		SolutionGuid = {02F2942B-0E9A-4384-88AF-C4D63BAC1126}
	EndGlobalSection
EndGlobal
